
Microsoft Visual Studio Solution File, Format Version 12.00
# Visual Studio Version 17
VisualStudioVersion = 17.13.35828.75
MinimumVisualStudioVersion = 10.0.40219.1
Project("{2150E333-8FDC-42A3-9474-1A3956D46DE8}") = "src", "src", "{02EA681E-C7D8-13C7-8484-4AC65E1B71E8}"
EndProject
Project("{FAE04EC0-301F-11D3-BF4B-00C04F79EFBC}") = "Poolz.Finance.CSharp.DaoSender", "src\Poolz.Finance.CSharp.DaoSender\Poolz.Finance.CSharp.DaoSender.csproj", "{EA54704B-3F17-498E-64F3-AC6DCDDD9A43}"
EndProject
Project("{FAE04EC0-301F-11D3-BF4B-00C04F79EFBC}") = "Poolz.Finance.CSharp.DaoSender.Generator", "src\Poolz.Finance.CSharp.DaoSender.Generator\Poolz.Finance.CSharp.DaoSender.Generator.csproj", "{628ACC0C-CC06-4937-9506-7B3A6F37081C}"
EndProject
Global
	GlobalSection(SolutionConfigurationPlatforms) = preSolution
		Debug|Any CPU = Debug|Any CPU
		Release|Any CPU = Release|Any CPU
	EndGlobalSection
	GlobalSection(ProjectConfigurationPlatforms) = postSolution
		{EA54704B-3F17-498E-64F3-AC6DCDDD9A43}.Debug|Any CPU.ActiveCfg = Debug|Any CPU
		{EA54704B-3F17-498E-64F3-AC6DCDDD9A43}.Debug|Any CPU.Build.0 = Debug|Any CPU
		{EA54704B-3F17-498E-64F3-AC6DCDDD9A43}.Release|Any CPU.ActiveCfg = Release|Any CPU
		{EA54704B-3F17-498E-64F3-AC6DCDDD9A43}.Release|Any CPU.Build.0 = Release|Any CPU
		{628ACC0C-CC06-4937-9506-7B3A6F37081C}.Debug|Any CPU.ActiveCfg = Debug|Any CPU
		{628ACC0C-CC06-4937-9506-7B3A6F37081C}.Debug|Any CPU.Build.0 = Debug|Any CPU
		{628ACC0C-CC06-4937-9506-7B3A6F37081C}.Release|Any CPU.ActiveCfg = Release|Any CPU
		{628ACC0C-CC06-4937-9506-7B3A6F37081C}.Release|Any CPU.Build.0 = Release|Any CPU
	EndGlobalSection
	GlobalSection(SolutionProperties) = preSolution
		HideSolutionNode = FALSE
	EndGlobalSection
	GlobalSection(NestedProjects) = preSolution
		{EA54704B-3F17-498E-64F3-AC6DCDDD9A43} = {02EA681E-C7D8-13C7-8484-4AC65E1B71E8}
		{628ACC0C-CC06-4937-9506-7B3A6F37081C} = {02EA681E-C7D8-13C7-8484-4AC65E1B71E8}
	EndGlobalSection
	GlobalSection(ExtensibilityGlobals) = postSolution
		SolutionGuid = {FB8BC35A-47B4-4EBB-B3EA-98AB67A17788}
	EndGlobalSection
EndGlobal
